# This file is automatically @generated by Poetry 1.7.1 and should not be changed by hand.

[[package]]
name = "tree-sitter"
version = "0.23.0"
description = "Python bindings to the Tree-sitter parsing library"
optional = false
python-versions = ">=3.9"
files = [
    {file = "tree-sitter-0.23.0.tar.gz", hash = "sha256:4c0d186f262a6b186e155a327150064abbf02b5659f7bc580eb965374025f2c2"},
    {file = "tree_sitter-0.23.0-cp310-cp310-macosx_10_9_x86_64.whl", hash = "sha256:b5f6cb46166e9fe82542cad780afb7edf5fab30b75e85a61579dd0bf7afaa134"},
    {file = "tree_sitter-0.23.0-cp310-cp310-macosx_11_0_arm64.whl", hash = "sha256:1a5adee1065f25d1d85cdb78d9d8e96aa211e840b3b700b35a52e4574a949748"},
    {file = "tree_sitter-0.23.0-cp310-cp310-manylinux_2_17_aarch64.manylinux2014_aarch64.whl", hash = "sha256:d34291c42feef2d4d51c3cb87055c2430c5802f6cfca1c5d8ae07619a2bf7958"},
    {file = "tree_sitter-0.23.0-cp310-cp310-manylinux_2_17_x86_64.manylinux2014_x86_64.whl", hash = "sha256:7200107a042e2518808718dc6290033be698cd37f766af51832e3bacfbe2a275"},
    {file = "tree_sitter-0.23.0-cp310-cp310-musllinux_1_2_aarch64.whl", hash = "sha256:f8d8a867de53a0ab6793aa43f35df7b98dc237ec18ac7ee6e9f8507dc21a13b0"},
    {file = "tree_sitter-0.23.0-cp310-cp310-musllinux_1_2_x86_64.whl", hash = "sha256:d90bba4d92c4a4163d81a91a392af18910cc1ab6fef0b4e0d5c084808a3ca15e"},
    {file = "tree_sitter-0.23.0-cp310-cp310-win_amd64.whl", hash = "sha256:0766af549741c6b79440cec1d2ddfcf4688a416b82fbe2f0e7c1d9b0b35fe2db"},
    {file = "tree_sitter-0.23.0-cp310-cp310-win_arm64.whl", hash = "sha256:2e5cc4596b4705f8aedec14580126f3a7a28b2341990b84f34435a6dba5ad373"},
    {file = "tree_sitter-0.23.0-cp311-cp311-macosx_10_9_x86_64.whl", hash = "sha256:81dc39e0281ec4318d59fe87d85b45143ffeb87b8dde5b841db17d68ac647cd8"},
    {file = "tree_sitter-0.23.0-cp311-cp311-macosx_11_0_arm64.whl", hash = "sha256:c01ab28d6e0afd670c4920b104aa3867f98327493d8ca6fc56376d28cd7bc148"},
    {file = "tree_sitter-0.23.0-cp311-cp311-manylinux_2_17_aarch64.manylinux2014_aarch64.whl", hash = "sha256:f9b2e3c27fee3db2c975eceff32d2135cb237cabaa266b7dfd51bdcb67e2919e"},
    {file = "tree_sitter-0.23.0-cp311-cp311-manylinux_2_17_x86_64.manylinux2014_x86_64.whl", hash = "sha256:d81093c6e751b6a9042ea427efb92ae1ab93acaa6c748234d856630b616d8ed5"},
    {file = "tree_sitter-0.23.0-cp311-cp311-musllinux_1_2_aarch64.whl", hash = "sha256:81ef25f8be8776b97196ca0627de1a66279bdf8ac69460a5dd658617414a8d58"},
    {file = "tree_sitter-0.23.0-cp311-cp311-musllinux_1_2_x86_64.whl", hash = "sha256:2c7617149fc541fb6296b620329fde7cf961dd375ae11f2418b52108110e65b2"},
    {file = "tree_sitter-0.23.0-cp311-cp311-win_amd64.whl", hash = "sha256:6ecd7385c8851e3a7c9ed78bcad080c5535ac99534a67ba2392829c45f8c1b42"},
    {file = "tree_sitter-0.23.0-cp311-cp311-win_arm64.whl", hash = "sha256:42bcb535047bc9a2dbd1f421cce0857ca5e28387e5add6757072c8c3b7fa796a"},
    {file = "tree_sitter-0.23.0-cp312-cp312-macosx_10_9_x86_64.whl", hash = "sha256:b40e3c961fe1df761b62869a4fcb3949e00906633420684df6d7ba503869b854"},
    {file = "tree_sitter-0.23.0-cp312-cp312-macosx_11_0_arm64.whl", hash = "sha256:3df65a4cd2e2d091097ae84a3f96828c0906c698684fdc1f7985b5a452d1045e"},
    {file = "tree_sitter-0.23.0-cp312-cp312-manylinux_2_17_aarch64.manylinux2014_aarch64.whl", hash = "sha256:e62f810b7c4d65e1901dae3aea432c8de32ce7a35d63296f70cc99e84d1986d2"},
    {file = "tree_sitter-0.23.0-cp312-cp312-manylinux_2_17_x86_64.manylinux2014_x86_64.whl", hash = "sha256:eaf21159e0f07fe6307e096b81a92afcf5deb0ce95655d29b065d5a6c41f78b3"},
    {file = "tree_sitter-0.23.0-cp312-cp312-musllinux_1_2_aarch64.whl", hash = "sha256:2a0e26f59749e748accba04cf48287c463d2ff803156586d1d797c1b786f14ab"},
    {file = "tree_sitter-0.23.0-cp312-cp312-musllinux_1_2_x86_64.whl", hash = "sha256:c7b873dbc077eb295df921e47a82197b87a0d27275534ffb063cea5ec6ee0f5e"},
    {file = "tree_sitter-0.23.0-cp312-cp312-win_amd64.whl", hash = "sha256:13eb219538cf3b24228aba891c8ab029490c821d8dc3bc8bc45e06a2cdc78ec5"},
    {file = "tree_sitter-0.23.0-cp312-cp312-win_arm64.whl", hash = "sha256:9ce17115a637793cf7313bfb336519b1803a263f3b1174faa259e52d7a778665"},
    {file = "tree_sitter-0.23.0-cp39-cp39-macosx_10_9_x86_64.whl", hash = "sha256:747a8895cbd02e21d7e9980643853a79b98b2a1c93f990439091e242142c90d4"},
    {file = "tree_sitter-0.23.0-cp39-cp39-macosx_11_0_arm64.whl", hash = "sha256:3302349ae0c78a38b71aec8fc4353388bbae6960d38ed190e4382208c0218805"},
    {file = "tree_sitter-0.23.0-cp39-cp39-manylinux_2_17_aarch64.manylinux2014_aarch64.whl", hash = "sha256:2f45ea0d5ce34c4836f73b3643680b384eebf23517a5194651419ac9c625ee75"},
    {file = "tree_sitter-0.23.0-cp39-cp39-manylinux_2_17_x86_64.manylinux2014_x86_64.whl", hash = "sha256:912b49c0a9152e5dbb064d60a962a5f012d97be387aa38adb13c6e970043870b"},
    {file = "tree_sitter-0.23.0-cp39-cp39-musllinux_1_2_aarch64.whl", hash = "sha256:2840e7ce7de7ee72af7a70333da263622dc4630d92ddb2e661c68054c479459d"},
    {file = "tree_sitter-0.23.0-cp39-cp39-musllinux_1_2_x86_64.whl", hash = "sha256:117d5e10d60cda830f0f5d88beaf45205a3c33439fce3a95da4a3448a483a4f9"},
    {file = "tree_sitter-0.23.0-cp39-cp39-win_amd64.whl", hash = "sha256:eff050b68930c2dfc0c521961612310615540e3999cce76123ea0a363772efc2"},
    {file = "tree_sitter-0.23.0-cp39-cp39-win_arm64.whl", hash = "sha256:cbf71655813da4b210a72437ad7b7da4ab8788acfdde8c6b35f68877c61fae4a"},
]

[package.extras]
docs = ["sphinx (>=7.3,<8.0)", "sphinx-book-theme"]
tests = ["tree-sitter-html", "tree-sitter-javascript", "tree-sitter-json", "tree-sitter-python", "tree-sitter-rust"]

[metadata]
lock-version = "2.0"
python-versions = "^3.12"
content-hash = "40ab5f85bbb7a5f4b344fd7697462b52940a348010b7ff257eabd8ff88c5e358"
